
Microsoft Visual Studio Solution File, Format Version 12.00
# Visual Studio Version 17
VisualStudioVersion = 17.6.33815.320
MinimumVisualStudioVersion = 10.0.40219.1
Project("{9A19103F-16F7-4668-BE54-9A1E7A4F7556}") = "Lajada.API", "Lajada.API\Lajada.API.csproj", "{B7EDDC92-D604-4703-AD97-7846286AB32B}"
EndProject
Project("{FAE04EC0-301F-11D3-BF4B-00C04F79EFBC}") = "Lajada.Domain", "Test\Lajada.Domain.csproj", "{FFC74724-1498-4D9D-A91E-BEDD5372B9B3}"
EndProject
Global
	GlobalSection(SolutionConfigurationPlatforms) = preSolution
		Debug|Any CPU = Debug|Any CPU
		Release|Any CPU = Release|Any CPU
	EndGlobalSection
	GlobalSection(ProjectConfigurationPlatforms) = postSolution
		{B7EDDC92-D604-4703-AD97-7846286AB32B}.Debug|Any CPU.ActiveCfg = Debug|Any CPU
		{B7EDDC92-D604-4703-AD97-7846286AB32B}.Debug|Any CPU.Build.0 = Debug|Any CPU
		{B7EDDC92-D604-4703-AD97-7846286AB32B}.Release|Any CPU.ActiveCfg = Release|Any CPU
		{B7EDDC92-D604-4703-AD97-7846286AB32B}.Release|Any CPU.Build.0 = Release|Any CPU
		{FFC74724-1498-4D9D-A91E-BEDD5372B9B3}.Debug|Any CPU.ActiveCfg = Debug|Any CPU
		{FFC74724-1498-4D9D-A91E-BEDD5372B9B3}.Debug|Any CPU.Build.0 = Debug|Any CPU
		{FFC74724-1498-4D9D-A91E-BEDD5372B9B3}.Release|Any CPU.ActiveCfg = Release|Any CPU
		{FFC74724-1498-4D9D-A91E-BEDD5372B9B3}.Release|Any CPU.Build.0 = Release|Any CPU
	EndGlobalSection
	GlobalSection(SolutionProperties) = preSolution
		HideSolutionNode = FALSE
	EndGlobalSection
	GlobalSection(ExtensibilityGlobals) = postSolution
		SolutionGuid = {AD0EB1A6-5268-4289-B225-6E6A2F0657FB}
	EndGlobalSection
EndGlobal
